
Microsoft Visual Studio Solution File, Format Version 12.00
# Visual Studio 2012
Project("{FAE04EC0-301F-11D3-BF4B-00C04F79EFBC}") = "LinqToObjects", "LinqToObjects\LinqToObjects.csproj", "{FE4E4718-4C91-40BE-B3F4-2E034D567C24}"
EndProject
Project("{FAE04EC0-301F-11D3-BF4B-00C04F79EFBC}") = "LinqToObjects.Tests", "LinqToObjects.Tests\LinqToObjects.Tests.csproj", "{D3660F18-C8F5-42C6-83F3-64A16A46668E}"
EndProject
Project("{2150E333-8FDC-42A3-9474-1A3956D46DE8}") = ".nuget", ".nuget", "{88BF8940-2001-41CB-AC23-4BD3684B6AE0}"
	ProjectSection(SolutionItems) = preProject
		.nuget\packages.config = .nuget\packages.config
	EndProjectSection
EndProject
Global
	GlobalSection(SolutionConfigurationPlatforms) = preSolution
		Debug|Any CPU = Debug|Any CPU
		Release|Any CPU = Release|Any CPU
	EndGlobalSection
	GlobalSection(ProjectConfigurationPlatforms) = postSolution
		{FE4E4718-4C91-40BE-B3F4-2E034D567C24}.Debug|Any CPU.ActiveCfg = Debug|Any CPU
		{FE4E4718-4C91-40BE-B3F4-2E034D567C24}.Debug|Any CPU.Build.0 = Debug|Any CPU
		{FE4E4718-4C91-40BE-B3F4-2E034D567C24}.Release|Any CPU.ActiveCfg = Release|Any CPU
		{FE4E4718-4C91-40BE-B3F4-2E034D567C24}.Release|Any CPU.Build.0 = Release|Any CPU
		{D3660F18-C8F5-42C6-83F3-64A16A46668E}.Debug|Any CPU.ActiveCfg = Debug|Any CPU
		{D3660F18-C8F5-42C6-83F3-64A16A46668E}.Debug|Any CPU.Build.0 = Debug|Any CPU
		{D3660F18-C8F5-42C6-83F3-64A16A46668E}.Release|Any CPU.ActiveCfg = Release|Any CPU
		{D3660F18-C8F5-42C6-83F3-64A16A46668E}.Release|Any CPU.Build.0 = Release|Any CPU
	EndGlobalSection
	GlobalSection(SolutionProperties) = preSolution
		HideSolutionNode = FALSE
	EndGlobalSection
EndGlobal
